
Microsoft Visual Studio Solution File, Format Version 12.00
# Visual Studio Version 16
VisualStudioVersion = 16.0.29613.14
MinimumVisualStudioVersion = 10.0.40219.1
Project("{8BC9CEB8-8B4A-11D0-8D11-00A0C91BC942}") = "memoryPool", "memoryPool\memoryPool.vcxproj", "{E27FAE04-27E8-4C38-911D-61D4DA4A9B23}"
EndProject
Global
	GlobalSection(SolutionConfigurationPlatforms) = preSolution
		Debug|x64 = Debug|x64
		Debug|x86 = Debug|x86
		Release|x64 = Release|x64
		Release|x86 = Release|x86
	EndGlobalSection
	GlobalSection(ProjectConfigurationPlatforms) = postSolution
		{E27FAE04-27E8-4C38-911D-61D4DA4A9B23}.Debug|x64.ActiveCfg = Debug|x64
		{E27FAE04-27E8-4C38-911D-61D4DA4A9B23}.Debug|x64.Build.0 = Debug|x64
		{E27FAE04-27E8-4C38-911D-61D4DA4A9B23}.Debug|x86.ActiveCfg = Debug|Win32
		{E27FAE04-27E8-4C38-911D-61D4DA4A9B23}.Debug|x86.Build.0 = Debug|Win32
		{E27FAE04-27E8-4C38-911D-61D4DA4A9B23}.Release|x64.ActiveCfg = Release|x64
		{E27FAE04-27E8-4C38-911D-61D4DA4A9B23}.Release|x64.Build.0 = Release|x64
		{E27FAE04-27E8-4C38-911D-61D4DA4A9B23}.Release|x86.ActiveCfg = Release|Win32
		{E27FAE04-27E8-4C38-911D-61D4DA4A9B23}.Release|x86.Build.0 = Release|Win32
	EndGlobalSection
	GlobalSection(SolutionProperties) = preSolution
		HideSolutionNode = FALSE
	EndGlobalSection
	GlobalSection(ExtensibilityGlobals) = postSolution
		SolutionGuid = {DE8536AC-4831-44D8-87F4-3079E5FCEAF5}
	EndGlobalSection
EndGlobal
